
Microsoft Visual Studio Solution File, Format Version 12.00
# Visual Studio 15
VisualStudioVersion = 15.0.27703.2035
MinimumVisualStudioVersion = 10.0.40219.1
Project("{8BC9CEB8-8B4A-11D0-8D11-00A0C91BC942}") = "CodingInterview_1.1", "CodingInterview_1.1\CodingInterview_1.1.vcxproj", "{CA1DDC93-5C31-4719-A235-8811BFCBE906}"
EndProject
Global
	GlobalSection(SolutionConfigurationPlatforms) = preSolution
		Debug|x64 = Debug|x64
		Debug|x86 = Debug|x86
		Release|x64 = Release|x64
		Release|x86 = Release|x86
	EndGlobalSection
	GlobalSection(ProjectConfigurationPlatforms) = postSolution
		{CA1DDC93-5C31-4719-A235-8811BFCBE906}.Debug|x64.ActiveCfg = Debug|x64
		{CA1DDC93-5C31-4719-A235-8811BFCBE906}.Debug|x64.Build.0 = Debug|x64
		{CA1DDC93-5C31-4719-A235-8811BFCBE906}.Debug|x86.ActiveCfg = Debug|Win32
		{CA1DDC93-5C31-4719-A235-8811BFCBE906}.Debug|x86.Build.0 = Debug|Win32
		{CA1DDC93-5C31-4719-A235-8811BFCBE906}.Release|x64.ActiveCfg = Release|x64
		{CA1DDC93-5C31-4719-A235-8811BFCBE906}.Release|x64.Build.0 = Release|x64
		{CA1DDC93-5C31-4719-A235-8811BFCBE906}.Release|x86.ActiveCfg = Release|Win32
		{CA1DDC93-5C31-4719-A235-8811BFCBE906}.Release|x86.Build.0 = Release|Win32
	EndGlobalSection
	GlobalSection(SolutionProperties) = preSolution
		HideSolutionNode = FALSE
	EndGlobalSection
	GlobalSection(ExtensibilityGlobals) = postSolution
		SolutionGuid = {9E9D26EA-7DBF-4572-BF61-60BC9244E331}
	EndGlobalSection
EndGlobal
